
Microsoft Visual Studio Solution File, Format Version 12.00
# Visual Studio Version 17
VisualStudioVersion = 17.6.33829.357
MinimumVisualStudioVersion = 10.0.40219.1
Project("{FAE04EC0-301F-11D3-BF4B-00C04F79EFBC}") = "Saaya.Web", "Saaya.Web.csproj", "{D9A650E9-7410-476B-A3C7-491A9EE4AA2A}"
EndProject
Global
	GlobalSection(SolutionConfigurationPlatforms) = preSolution
		Debug|Any CPU = Debug|Any CPU
		Release|Any CPU = Release|Any CPU
	EndGlobalSection
	GlobalSection(ProjectConfigurationPlatforms) = postSolution
		{D9A650E9-7410-476B-A3C7-491A9EE4AA2A}.Debug|Any CPU.ActiveCfg = Debug|Any CPU
		{D9A650E9-7410-476B-A3C7-491A9EE4AA2A}.Debug|Any CPU.Build.0 = Debug|Any CPU
		{D9A650E9-7410-476B-A3C7-491A9EE4AA2A}.Release|Any CPU.ActiveCfg = Release|Any CPU
		{D9A650E9-7410-476B-A3C7-491A9EE4AA2A}.Release|Any CPU.Build.0 = Release|Any CPU
	EndGlobalSection
	GlobalSection(SolutionProperties) = preSolution
		HideSolutionNode = FALSE
	EndGlobalSection
	GlobalSection(ExtensibilityGlobals) = postSolution
		SolutionGuid = {861119B1-61AA-4128-BEDB-997E2B17CC7A}
	EndGlobalSection
EndGlobal
